// !$*UTF8*$!
{
	archiveVersion = 1;
	classes = {
	};
	objectVersion = 46;
	objects = {

/* Begin PBXBuildFile section */
		877B64441DAE51810042771D /* AppDelegate.swift in Sources */ = {isa = PBXBuildFile; fileRef = 877B64431DAE51810042771D /* AppDelegate.swift */; };
		877B64461DAE51810042771D /* ViewController.swift in Sources */ = {isa = PBXBuildFile; fileRef = 877B64451DAE51810042771D /* ViewController.swift */; };
		877B64491DAE51810042771D /* Main.storyboard in Resources */ = {isa = PBXBuildFile; fileRef = 877B64471DAE51810042771D /* Main.storyboard */; };
		877B644B1DAE51810042771D /* Assets.xcassets in Resources */ = {isa = PBXBuildFile; fileRef = 877B644A1DAE51810042771D /* Assets.xcassets */; };
		877B644E1DAE51810042771D /* LaunchScreen.storyboard in Resources */ = {isa = PBXBuildFile; fileRef = 877B644C1DAE51810042771D /* LaunchScreen.storyboard */; };
/* End PBXBuildFile section */

/* Begin PBXFileReference section */
		877B64401DAE51810042771D /* DEMO2.app */ = {isa = PBXFileReference; explicitFileType = wrapper.application; includeInIndex = 0; path = DEMO2.app; sourceTree = BUILT_PRODUCTS_DIR; };
		877B64431DAE51810042771D /* AppDelegate.swift */ = {isa = PBXFileReference; lastKnownFileType = sourcecode.swift; path = AppDelegate.swift; sourceTree = "<group>"; };
		877B64451DAE51810042771D /* ViewController.swift */ = {isa = PBXFileReference; lastKnownFileType = sourcecode.swift; path = ViewController.swift; sourceTree = "<group>"; };
		877B64481DAE51810042771D /* Base */ = {isa = PBXFileReference; lastKnownFileType = file.storyboard; name = Base; path = Base.lproj/Main.storyboard; sourceTree = "<group>"; };
		877B644A1DAE51810042771D /* Assets.xcassets */ = {isa = PBXFileReference; lastKnownFileType = folder.assetcatalog; path = Assets.xcassets; sourceTree = "<group>"; };
		877B644D1DAE51810042771D /* Base */ = {isa = PBXFileReference; lastKnownFileType = file.storyboard; name = Base; path = Base.lproj/LaunchScreen.storyboard; sourceTree = "<group>"; };
		877B644F1DAE51810042771D /* Info.plist */ = {isa = PBXFileReference; lastKnownFileType = text.plist.xml; path = Info.plist; sourceTree = "<group>"; };
/* End PBXFileReference section */

/* Begin PBXFrameworksBuildPhase section */
		877B643D1DAE51810042771D /* Frameworks */ = {
			isa = PBXFrameworksBuildPhase;
			buildActionMask = 2147483647;
			files = (
			);
			runOnlyForDeploymentPostprocessing = 0;
		};
/* End PBXFrameworksBuildPhase section */

/* Begin PBXGroup section */
		877B64371DAE51810042771D = {
			isa = PBXGroup;
			children = (
				877B64421DAE51810042771D /* DEMO2 */,
				877B64411DAE51810042771D /* Products */,
			);
			sourceTree = "<group>";
		};
		877B64411DAE51810042771D /* Products */ = {
			isa = PBXGroup;
			children = (
				877B64401DAE51810042771D /* DEMO2.app */,
			);
			name = Products;
			sourceTree = "<group>";
		};
		877B64421DAE51810042771D /* DEMO2 */ = {
			isa = PBXGroup;
			children = (
				877B64431DAE51810042771D /* AppDelegate.swift */,
				877B64451DAE51810042771D /* ViewController.swift */,
				877B64471DAE51810042771D /* Main.storyboard */,
				877B644A1DAE51810042771D /* Assets.xcassets */,
				877B644C1DAE51810042771D /* LaunchScreen.storyboard */,
				877B644F1DAE51810042771D /* Info.plist */,
			);
			path = DEMO2;
			sourceTree = "<group>";
		};
/* End PBXGroup section */

/* Begin PBXNativeTarget section */
		877B643F1DAE51810042771D /* DEMO2 */ = {
			isa = PBXNativeTarget;
			buildConfigurationList = 877B64521DAE51810042771D /* Build configuration list for PBXNativeTarget "DEMO2" */;
			buildPhases = (
				877B643C1DAE51810042771D /* Sources */,
				877B643D1DAE51810042771D /* Frameworks */,
				877B643E1DAE51810042771D /* Resources */,
			);
			buildRules = (
			);
			dependencies = (
			);
			name = DEMO2;
			productName = DEMO2;
			productReference = 877B64401DAE51810042771D /* DEMO2.app */;
			productType = "com.apple.product-type.application";
		};
/* End PBXNativeTarget section */

/* Begin PBXProject section */
		877B64381DAE51810042771D /* Project object */ = {
			isa = PBXProject;
			attributes = {
				LastSwiftUpdateCheck = 0810;
				LastUpgradeCheck = 0810;
				ORGANIZATIONNAME = Tsaorick;
				TargetAttributes = {
					877B643F1DAE51810042771D = {
						CreatedOnToolsVersion = 8.1;
						DevelopmentTeam = QXDX3VL4US;
						ProvisioningStyle = Automatic;
					};
				};
			};
			buildConfigurationList = 877B643B1DAE51810042771D /* Build configuration list for PBXProject "DEMO2" */;
			compatibilityVersion = "Xcode 3.2";
			developmentRegion = English;
			hasScannedForEncodings = 0;
			knownRegions = (
				en,
				Base,
			);
			mainGroup = 877B64371DAE51810042771D;
			productRefGroup = 877B64411DAE51810042771D /* Products */;
			projectDirPath = "";
			projectRoot = "";
			targets = (
				877B643F1DAE51810042771D /* DEMO2 */,
			);
		};
/* End PBXProject section */

/* Begin PBXResourcesBuildPhase section */
		877B643E1DAE51810042771D /* Resources */ = {
			isa = PBXResourcesBuildPhase;
			buildActionMask = 2147483647;
			files = (
				877B644E1DAE51810042771D /* LaunchScreen.storyboard in Resources */,
				877B644B1DAE51810042771D /* Assets.xcassets in Resources */,
				877B64491DAE51810042771D /* Main.storyboard in Resources */,
			);
			runOnlyForDeploymentPostprocessing = 0;
		};
/* End PBXResourcesBuildPhase section */

/* Begin PBXSourcesBuildPhase section */
		877B643C1DAE51810042771D /* Sources */ = {
			isa = PBXSourcesBuildPhase;
			buildActionMask = 2147483647;
			files = (
				877B64461DAE51810042771D /* ViewController.swift in Sources */,
				877B64441DAE51810042771D /* AppDelegate.swift in Sources */,
			);
			runOnlyForDeploymentPostprocessing = 0;
		};
/* End PBXSourcesBuildPhase section */

/* Begin PBXVariantGroup section */
		877B64471DAE51810042771D /* Main.storyboard */ = {
			isa = PBXVariantGroup;
			children = (
				877B64481DAE51810042771D /* Base */,
			);
			name = Main.storyboard;
			sourceTree = "<group>";
		};
		877B644C1DAE51810042771D /* LaunchScreen.storyboard */ = {
			isa = PBXVariantGroup;
			children = (
				877B644D1DAE51810042771D /* Base */,
			);
			name = LaunchScreen.storyboard;
			sourceTree = "<group>";
		};
/* End PBXVariantGroup section */

/* Begin XCBuildConfiguration section */
		877B64501DAE51810042771D /* Debug */ = {
			isa = XCBuildConfiguration;
			buildSettings = {
				ALWAYS_SEARCH_USER_PATHS = NO;
				CLANG_ANALYZER_NONNULL = YES;
				CLANG_CXX_LANGUAGE_STANDARD = "gnu++0x";
				CLANG_CXX_LIBRARY = "libc++";
				CLANG_ENABLE_MODULES = YES;
				CLANG_ENABLE_OBJC_ARC = YES;
				CLANG_WARN_BOOL_CONVERSION = YES;
				CLANG_WARN_CONSTANT_CONVERSION = YES;
				CLANG_WARN_DIRECT_OBJC_ISA_USAGE = YES_ERROR;
				CLANG_WARN_DOCUMENTATION_COMMENTS = YES;
				CLANG_WARN_EMPTY_BODY = YES;
				CLANG_WARN_ENUM_CONVERSION = YES;
				CLANG_WARN_INFINITE_RECURSION = YES;
				CLANG_WARN_INT_CONVERSION = YES;
				CLANG_WARN_OBJC_ROOT_CLASS = YES_ERROR;
				CLANG_WARN_SUSPICIOUS_MOVES = YES;
				CLANG_WARN_UNREACHABLE_CODE = YES;
				CLANG_WARN__DUPLICATE_METHOD_MATCH = YES;
				"CODE_SIGN_IDENTITY[sdk=iphoneos*]" = "iPhone Developer";
				COPY_PHASE_STRIP = NO;
				DEBUG_INFORMATION_FORMAT = dwarf;
				ENABLE_STRICT_OBJC_MSGSEND = YES;
				ENABLE_TESTABILITY = YES;
				GCC_C_LANGUAGE_STANDARD = gnu99;
				GCC_DYNAMIC_NO_PIC = NO;
				GCC_NO_COMMON_BLOCKS = YES;
				GCC_OPTIMIZATION_LEVEL = 0;
				GCC_PREPROCESSOR_DEFINITIONS = (
					"DEBUG=1",
					"$(inherited)",
				);
				GCC_WARN_64_TO_32_BIT_CONVERSION = YES;
				GCC_WARN_ABOUT_RETURN_TYPE = YES_ERROR;
				GCC_WARN_UNDECLARED_SELECTOR = YES;
				GCC_WARN_UNINITIALIZED_AUTOS = YES_AGGRESSIVE;
				GCC_WARN_UNUSED_FUNCTION = YES;
				GCC_WARN_UNUSED_VARIABLE = YES;
				IPHONEOS_DEPLOYMENT_TARGET = 10.1;
				MTL_ENABLE_DEBUG_INFO = YES;
				ONLY_ACTIVE_ARCH = YES;
				SDKROOT = iphoneos;
				SWIFT_ACTIVE_COMPILATION_CONDITIONS = DEBUG;
				SWIFT_OPTIMIZATION_LEVEL = "-Onone";
			};
			name = Debug;
		};
		877B64511DAE51810042771D /* Release */ = {
			isa = XCBuildConfiguration;
			buildSettings = {
				ALWAYS_SEARCH_USER_PATHS = NO;
				CLANG_ANALYZER_NONNULL = YES;
				CLANG_CXX_LANGUAGE_STANDARD = "gnu++0x";
				CLANG_CXX_LIBRARY = "libc++";
				CLANG_ENABLE_MODULES = YES;
				CLANG_ENABLE_OBJC_ARC = YES;
				CLANG_WARN_BOOL_CONVERSION = YES;
				CLANG_WARN_CONSTANT_CONVERSION = YES;
				CLANG_WARN_DIRECT_OBJC_ISA_USAGE = YES_ERROR;
				CLANG_WARN_DOCUMENTATION_COMMENTS = YES;
				CLANG_WARN_EMPTY_BODY = YES;
				CLANG_WARN_ENUM_CONVERSION = YES;
				CLANG_WARN_INFINITE_RECURSION = YES;
				CLANG_WARN_INT_CONVERSION = YES;
				CLANG_WARN_OBJC_ROOT_CLASS = YES_ERROR;
				CLANG_WARN_SUSPICIOUS_MOVES = YES;
				CLANG_WARN_UNREACHABLE_CODE = YES;
				CLANG_WARN__DUPLICATE_METHOD_MATCH = YES;
				"CODE_SIGN_IDENTITY[sdk=iphoneos*]" = "iPhone Developer";
				COPY_PHASE_STRIP = NO;
				DEBUG_INFORMATION_FORMAT = "dwarf-with-dsym";
				ENABLE_NS_ASSERTIONS = NO;
				ENABLE_STRICT_OBJC_MSGSEND = YES;
				GCC_C_LANGUAGE_STANDARD = gnu99;
				GCC_NO_COMMON_BLOCKS = YES;
				GCC_WARN_64_TO_32_BIT_CONVERSION = YES;
				GCC_WARN_ABOUT_RETURN_TYPE = YES_ERROR;
				GCC_WARN_UNDECLARED_SELECTOR = YES;
				GCC_WARN_UNINITIALIZED_AUTOS = YES_AGGRESSIVE;
				GCC_WARN_UNUSED_FUNCTION = YES;
				GCC_WARN_UNUSED_VARIABLE = YES;
				IPHONEOS_DEPLOYMENT_TARGET = 10.1;
				MTL_ENABLE_DEBUG_INFO = NO;
				SDKROOT = iphoneos;
				SWIFT_OPTIMIZATION_LEVEL = "-Owholemodule";
				VALIDATE_PRODUCT = YES;
			};
			name = Release;
		};
		877B64531DAE51810042771D /* Debug */ = {
			isa = XCBuildConfiguration;
			buildSettings = {
				ASSETCATALOG_COMPILER_APPICON_NAME = AppIcon;
				DEVELOPMENT_TEAM = QXDX3VL4US;
				INFOPLIST_FILE = DEMO2/Info.plist;
				LD_RUNPATH_SEARCH_PATHS = "$(inherited) @executable_path/Frameworks";
				PRODUCT_BUNDLE_IDENTIFIER = com.Tsaorick.DEMO2;
				PRODUCT_NAME = "$(TARGET_NAME)";
				SWIFT_VERSION = 3.0;
			};
			name = Debug;
		};
		877B64541DAE51810042771D /* Release */ = {
			isa = XCBuildConfiguration;
			buildSettings = {
				ASSETCATALOG_COMPILER_APPICON_NAME = AppIcon;
				DEVELOPMENT_TEAM = QXDX3VL4US;
				INFOPLIST_FILE = DEMO2/Info.plist;
				LD_RUNPATH_SEARCH_PATHS = "$(inherited) @executable_path/Frameworks";
				PRODUCT_BUNDLE_IDENTIFIER = com.Tsaorick.DEMO2;
				PRODUCT_NAME = "$(TARGET_NAME)";
				SWIFT_VERSION = 3.0;
			};
			name = Release;
		};
/* End XCBuildConfiguration section */

/* Begin XCConfigurationList section */
		877B643B1DAE51810042771D /* Build configuration list for PBXProject "DEMO2" */ = {
			isa = XCConfigurationList;
			buildConfigurations = (
				877B64501DAE51810042771D /* Debug */,
				877B64511DAE51810042771D /* Release */,
			);
			defaultConfigurationIsVisible = 0;
			defaultConfigurationName = Release;
		};
		877B64521DAE51810042771D /* Build configuration list for PBXNativeTarget "DEMO2" */ = {
			isa = XCConfigurationList;
			buildConfigurations = (
				877B64531DAE51810042771D /* Debug */,
				877B64541DAE51810042771D /* Release */,
			);
			defaultConfigurationIsVisible = 0;
		};
/* End XCConfigurationList section */
	};
	rootObject = 877B64381DAE51810042771D /* Project object */;
}
